{
  "object": {
    "pins": [
      {
        "package": "SwiftIO",
        "repositoryURL": "https://github.com/EmbeddedSwift/SwiftIO",
        "state": {
          "branch": "main",
          "revision": "7720a7f9b9965927a1156fcda3424fdfcc3a7b32",
          "version": null
        }
      }
    ]
  },
  "version": 1
}
